
Microsoft Visual Studio Solution File, Format Version 12.00
# Visual Studio Version 17
VisualStudioVersion = 17.0.31903.59
MinimumVisualStudioVersion = 10.0.40219.1
Project("{2150E333-8FDC-42A3-9474-1A3956D46DE8}") = "src", "src", "{827E0CD3-B72D-47B6-A68D-7590B98EB39B}"
EndProject
Project("{FAE04EC0-301F-11D3-BF4B-00C04F79EFBC}") = "RemoteDeck.Core", "src\RemoteDeck.Core\RemoteDeck.Core.csproj", "{9F4A35B8-CB5C-4149-91FD-AEA5EF318A31}"
EndProject
Project("{FAE04EC0-301F-11D3-BF4B-00C04F79EFBC}") = "RemoteDeck.App", "src\RemoteDeck.App\RemoteDeck.App.csproj", "{88BEE8D3-D90E-4C0E-BEA2-F3D6F61CE023}"
EndProject
Project("{2150E333-8FDC-42A3-9474-1A3956D46DE8}") = "tests", "tests", "{0AB3BF05-4346-4AA6-1389-037BE0695223}"
EndProject
Project("{FAE04EC0-301F-11D3-BF4B-00C04F79EFBC}") = "RemoteDeck.Core.Tests", "tests\RemoteDeck.Core.Tests\RemoteDeck.Core.Tests.csproj", "{407D8F20-D091-4E57-911B-6A12EBF85533}"
EndProject
Global
	GlobalSection(SolutionConfigurationPlatforms) = preSolution
		Debug|Any CPU = Debug|Any CPU
		Debug|x64 = Debug|x64
		Release|Any CPU = Release|Any CPU
		Release|x64 = Release|x64
	EndGlobalSection
	GlobalSection(ProjectConfigurationPlatforms) = postSolution
		{9F4A35B8-CB5C-4149-91FD-AEA5EF318A31}.Debug|Any CPU.ActiveCfg = Debug|Any CPU
		{9F4A35B8-CB5C-4149-91FD-AEA5EF318A31}.Debug|Any CPU.Build.0 = Debug|Any CPU
		{9F4A35B8-CB5C-4149-91FD-AEA5EF318A31}.Debug|x64.ActiveCfg = Debug|Any CPU
		{9F4A35B8-CB5C-4149-91FD-AEA5EF318A31}.Debug|x64.Build.0 = Debug|Any CPU
		{9F4A35B8-CB5C-4149-91FD-AEA5EF318A31}.Release|Any CPU.ActiveCfg = Release|Any CPU
		{9F4A35B8-CB5C-4149-91FD-AEA5EF318A31}.Release|Any CPU.Build.0 = Release|Any CPU
		{9F4A35B8-CB5C-4149-91FD-AEA5EF318A31}.Release|x64.ActiveCfg = Release|Any CPU
		{9F4A35B8-CB5C-4149-91FD-AEA5EF318A31}.Release|x64.Build.0 = Release|Any CPU
		{88BEE8D3-D90E-4C0E-BEA2-F3D6F61CE023}.Debug|Any CPU.ActiveCfg = Debug|Any CPU
		{88BEE8D3-D90E-4C0E-BEA2-F3D6F61CE023}.Debug|Any CPU.Build.0 = Debug|Any CPU
		{88BEE8D3-D90E-4C0E-BEA2-F3D6F61CE023}.Debug|x64.ActiveCfg = Debug|Any CPU
		{88BEE8D3-D90E-4C0E-BEA2-F3D6F61CE023}.Debug|x64.Build.0 = Debug|Any CPU
		{88BEE8D3-D90E-4C0E-BEA2-F3D6F61CE023}.Release|Any CPU.ActiveCfg = Release|Any CPU
		{88BEE8D3-D90E-4C0E-BEA2-F3D6F61CE023}.Release|Any CPU.Build.0 = Release|Any CPU
		{88BEE8D3-D90E-4C0E-BEA2-F3D6F61CE023}.Release|x64.ActiveCfg = Release|Any CPU
		{88BEE8D3-D90E-4C0E-BEA2-F3D6F61CE023}.Release|x64.Build.0 = Release|Any CPU
		{407D8F20-D091-4E57-911B-6A12EBF85533}.Debug|Any CPU.ActiveCfg = Debug|Any CPU
		{407D8F20-D091-4E57-911B-6A12EBF85533}.Debug|Any CPU.Build.0 = Debug|Any CPU
		{407D8F20-D091-4E57-911B-6A12EBF85533}.Debug|x64.ActiveCfg = Debug|Any CPU
		{407D8F20-D091-4E57-911B-6A12EBF85533}.Debug|x64.Build.0 = Debug|Any CPU
		{407D8F20-D091-4E57-911B-6A12EBF85533}.Release|Any CPU.ActiveCfg = Release|Any CPU
		{407D8F20-D091-4E57-911B-6A12EBF85533}.Release|Any CPU.Build.0 = Release|Any CPU
		{407D8F20-D091-4E57-911B-6A12EBF85533}.Release|x64.ActiveCfg = Release|Any CPU
		{407D8F20-D091-4E57-911B-6A12EBF85533}.Release|x64.Build.0 = Release|Any CPU
	EndGlobalSection
	GlobalSection(SolutionProperties) = preSolution
		HideSolutionNode = FALSE
	EndGlobalSection
	GlobalSection(NestedProjects) = preSolution
		{9F4A35B8-CB5C-4149-91FD-AEA5EF318A31} = {827E0CD3-B72D-47B6-A68D-7590B98EB39B}
		{88BEE8D3-D90E-4C0E-BEA2-F3D6F61CE023} = {827E0CD3-B72D-47B6-A68D-7590B98EB39B}
		{407D8F20-D091-4E57-911B-6A12EBF85533} = {0AB3BF05-4346-4AA6-1389-037BE0695223}
	EndGlobalSection
EndGlobal
